[[package]]
name = "agate"
version = "1.6.1"
description = "A data analysis library that is optimized for humans instead of machines."
category = "main"
optional = false
python-versions = "*"

[package.dependencies]
Babel = ">=2.0"
isodate = ">=0.5.4"
leather = ">=0.3.2"
parsedatetime = ">=2.1"
python-slugify = ">=1.2.1"
pytimeparse = ">=1.1.5"
six = ">=1.9.0"

[[package]]
name = "alembic"
version = "1.6.5"
description = "A database migration tool for SQLAlchemy."
category = "main"
optional = false
python-versions = "!=3.0.*,!=3.1.*,!=3.2.*,!=3.3.*,!=3.4.*,!=3.5.*,>=2.7"

[package.dependencies]
Mako = "*"
python-dateutil = "*"
python-editor = ">=0.3"
SQLAlchemy = ">=1.3.0"

[[package]]
name = "aniso8601"
version = "7.0.0"
description = "A library for parsing ISO 8601 strings."
category = "main"
optional = false
python-versions = "*"

[[package]]
name = "anyio"
version = "3.6.1"
description = "High level compatibility layer for multiple asynchronous event loop implementations"
category = "main"
optional = false
python-versions = ">=3.6.2"

[package.dependencies]
idna = ">=2.8"
sniffio = ">=1.1"

[package.extras]
trio = ["trio (>=0.16)"]
test = ["uvloop (>=0.15)", "mock (>=4)", "uvloop (<0.15)", "contextlib2", "trustme", "pytest-mock (>=3.6.1)", "pytest (>=7.0)", "hypothesis (>=4.0)", "coverage[toml] (>=4.5)"]
doc = ["sphinx-autodoc-typehints (>=1.2.0)", "sphinx-rtd-theme", "packaging"]

[[package]]
name = "async-timeout"
version = "4.0.2"
description = "Timeout context manager for asyncio programs"
category = "main"
optional = false
python-versions = ">=3.6"

[[package]]
name = "atomicwrites"
version = "1.4.1"
description = "Atomic file writes."
category = "dev"
optional = false
python-versions = ">=2.7, !=3.0.*, !=3.1.*, !=3.2.*, !=3.3.*"

[[package]]
name = "attrs"
version = "22.1.0"
description = "Classes Without Boilerplate"
category = "main"
optional = false
python-versions = ">=3.5"

[package.extras]
tests_no_zope = ["cloudpickle", "pytest-mypy-plugins", "mypy (>=0.900,!=0.940)", "pytest (>=4.3.0)", "pympler", "hypothesis", "coverage[toml] (>=5.0.2)"]
tests = ["cloudpickle", "zope.interface", "pytest-mypy-plugins", "mypy (>=0.900,!=0.940)", "pytest (>=4.3.0)", "pympler", "hypothesis", "coverage[toml] (>=5.0.2)"]
docs = ["sphinx-notfound-page", "zope.interface", "sphinx", "furo"]
dev = ["cloudpickle", "pre-commit", "sphinx-notfound-page", "sphinx", "furo", "zope.interface", "pytest-mypy-plugins", "mypy (>=0.900,!=0.940)", "pytest (>=4.3.0)", "pympler", "hypothesis", "coverage[toml] (>=5.0.2)"]

[[package]]
name = "babel"
version = "2.10.3"
description = "Internationalization utilities"
category = "main"
optional = false
python-versions = ">=3.6"

[package.dependencies]
pytz = ">=2015.7"

[[package]]
name = "beautifulsoup4"
version = "4.11.1"
description = "Screen-scraping library"
category = "main"
optional = false
python-versions = ">=3.6.0"

[package.dependencies]
soupsieve = ">1.2"

[package.extras]
lxml = ["lxml"]
html5lib = ["html5lib"]

[[package]]
name = "black"
version = "22.6.0"
description = "The uncompromising code formatter."
category = "dev"
optional = false
python-versions = ">=3.6.2"

[package.dependencies]
click = ">=8.0.0"
mypy-extensions = ">=0.4.3"
pathspec = ">=0.9.0"
platformdirs = ">=2"
tomli = {version = ">=1.1.0", markers = "python_full_version < \"3.11.0a7\""}
typing-extensions = {version = ">=3.10.0.0", markers = "python_version < \"3.10\""}

[package.extras]
uvloop = ["uvloop (>=0.15.2)"]
jupyter = ["tokenize-rt (>=3.2.0)", "ipython (>=7.8.0)"]
d = ["aiohttp (>=3.7.4)"]
colorama = ["colorama (>=0.4.3)"]

[[package]]
name = "bleach"
version = "5.0.1"
description = "An easy safelist-based HTML-sanitizing tool."
category = "main"
optional = false
python-versions = ">=3.7"

[package.dependencies]
six = ">=1.9.0"
webencodings = "*"

[package.extras]
dev = ["mypy (==0.961)", "black (==22.3.0)", "wheel (==0.37.1)", "twine (==4.0.1)", "tox (==3.25.0)", "Sphinx (==4.3.2)", "pytest (==7.1.2)", "pip-tools (==6.6.2)", "hashin (==0.17.0)", "flake8 (==4.0.1)", "build (==0.8.0)"]
css = ["tinycss2 (>=1.1.0,<1.2)"]

[[package]]
name = "boto3"
version = "1.24.57"
description = "The AWS SDK for Python"
category = "main"
optional = false
python-versions = ">= 3.7"

[package.dependencies]
botocore = ">=1.27.57,<1.28.0"
jmespath = ">=0.7.1,<2.0.0"
s3transfer = ">=0.6.0,<0.7.0"

[package.extras]
crt = ["botocore[crt] (>=1.21.0,<2.0a0)"]

[[package]]
name = "botocore"
version = "1.27.57"
description = "Low-level, data-driven core of boto 3."
category = "main"
optional = false
python-versions = ">= 3.7"

[package.dependencies]
jmespath = ">=0.7.1,<2.0.0"
python-dateutil = ">=2.1,<3.0.0"
urllib3 = ">=1.25.4,<1.27"

[package.extras]
crt = ["awscrt (==0.14.0)"]

[[package]]
name = "certifi"
version = "2022.6.15"
description = "Python package for providing Mozilla's CA Bundle."
category = "main"
optional = false
python-versions = ">=3.6"

[[package]]
name = "cffi"
version = "1.15.1"
description = "Foreign Function Interface for Python calling C code."
category = "main"
optional = false
python-versions = "*"

[package.dependencies]
pycparser = "*"

[[package]]
name = "charset-normalizer"
version = "2.1.1"
description = "The Real First Universal Charset Detector. Open, modern and actively maintained alternative to Chardet."
category = "main"
optional = false
python-versions = ">=3.6.0"

[package.extras]
unicode_backport = ["unicodedata2"]

[[package]]
name = "click"
version = "8.1.3"
description = "Composable command line interface toolkit"
category = "main"
optional = false
python-versions = ">=3.7"

[package.dependencies]
colorama = {version = "*", markers = "platform_system == \"Windows\""}

[[package]]
name = "colorama"
version = "0.4.4"
description = "Cross-platform colored terminal text."
category = "main"
optional = false
python-versions = ">=2.7, !=3.0.*, !=3.1.*, !=3.2.*, !=3.3.*, !=3.4.*"

[[package]]
name = "coloredlogs"
version = "14.0"
description = "Colored terminal output for Python's logging module"
category = "main"
optional = false
python-versions = ">=2.7, !=3.0.*, !=3.1.*, !=3.2.*, !=3.3.*, !=3.4.*"

[package.dependencies]
humanfriendly = ">=7.1"

[package.extras]
cron = ["capturer (>=2.4)"]

[[package]]
name = "coverage"
version = "6.4.4"
description = "Code coverage measurement for Python"
category = "dev"
optional = false
python-versions = ">=3.7"

[package.extras]
toml = ["tomli"]

[[package]]
name = "croniter"
version = "1.3.5"
description = "croniter provides iteration for datetime object with cron like format"
category = "main"
optional = false
python-versions = ">=2.6, !=3.0.*, !=3.1.*, !=3.2.*, !=3.3.*"

[package.dependencies]
python-dateutil = "*"

[[package]]
name = "dagit"
version = "0.15.0"
description = "Web UI for dagster."
category = "main"
optional = false
python-versions = "*"

[package.dependencies]
click = ">=7.0,<9.0"
dagster = "0.15.0"
dagster-graphql = "0.15.0"
nbconvert = "*"
PyYAML = "*"
requests = "*"
starlette = "*"
uvicorn = {version = "*", extras = ["standard"]}
watchdog = ">=0.8.3"

[[package]]
name = "dagster"
version = "0.15.0"
description = "The data orchestration platform built for productivity."
category = "main"
optional = false
python-versions = "*"

[package.dependencies]
alembic = ">=1.2.1,<1.6.3 || >1.6.3,<1.7.0"
click = ">=5.0"
coloredlogs = ">=6.1,<=14.0"
croniter = ">=0.3.34"
docstring-parser = "*"
grpcio = ">=1.32.0"
grpcio-health-checking = ">=1.32.0,<1.44.0"
Jinja2 = "*"
packaging = ">=20.9"
pendulum = "*"
pep562 = "*"
protobuf = ">=3.13.0,<4"
psutil = {version = ">=1.0", markers = "platform_system == \"Windows\""}
python-dateutil = "*"
pytz = "*"
pywin32 = {version = "!=226", markers = "platform_system == \"Windows\""}
PyYAML = ">=5.1"
requests = "*"
rx = ">=1.6,<2"
sqlalchemy = ">=1.0"
tabulate = "*"
toposort = ">=1.0"
tqdm = "*"
typing-compat = "*"
typing-extensions = ">=3.10"
watchdog = ">=0.8.3"

[package.extras]
test = ["pylint (==2.13.7)", "astroid", "flake8 (>=3.7.8)", "yamllint", "tqdm (==4.48.0)", "tox (==3.25.0)", "snapshottest (==0.6.0)", "responses (>=0.10.0,<0.11.0)", "pytest (==6.1.1)", "pytest-xdist (==2.1.0)", "pytest-runner (==5.2)", "pytest-rerunfailures (==10.0)", "pytest-mock (==3.3.1)", "pytest-dependency (==0.5.1)", "pytest-cov (==2.10.1)", "protobuf (==3.13.0)", "objgraph", "mock (==3.0.5)", "grpcio-tools (==1.32.0)", "freezegun (>=0.3.15)", "docker", "coverage (==5.3)"]
mypy = ["types-toml", "types-tzlocal", "types-tabulate", "types-six", "types-simplejson", "types-requests", "types-pytz", "types-pyyaml", "types-python-dateutil", "types-pyopenssl", "types-protobuf", "types-pkg-resources", "types-paramiko", "types-mock", "types-cryptography", "types-croniter", "types-chardet", "types-certifi", "types-backports", "mypy (==0.950)"]
isort = ["isort (==5.10.1)"]
docker = ["docker"]
black = ["black[jupyter] (==22.3.0)"]

[[package]]
name = "dagster-dbt"
version = "0.15.0"
description = "A Dagster integration for dbt"
category = "main"
optional = false
python-versions = "*"

[package.dependencies]
agate = "<1.6.2"
attrs = "*"
dagster = "0.15.0"
dagster-pandas = "0.15.0"
pandas = "*"
requests = "*"

[package.extras]
test = ["matplotlib", "dbt-postgres", "dbt-rpc", "dbt-core", "jinja2"]

[[package]]
name = "dagster-docker"
version = "0.15.0"
description = "A Dagster integration for docker"
category = "main"
optional = false
python-versions = "*"

[package.dependencies]
dagster = "0.15.0"
docker = "*"
docker-image-py = "*"

[[package]]
name = "dagster-graphql"
version = "0.15.0"
description = "The GraphQL frontend to python dagster."
category = "main"
optional = false
python-versions = "*"

[package.dependencies]
dagster = "0.15.0"
gql = "<3"
graphene = ">=2.1.3,<3"
graphql-core = ">=2.1,<3"
requests = "*"

[[package]]
name = "dagster-pandas"
version = "0.15.0"
description = "Utilities and examples for working with pandas and dagster, an opinionated framework for expressing data pipelines"
category = "main"
optional = false
python-versions = "*"

[package.dependencies]
dagster = "0.15.0"
pandas = "*"

[[package]]
name = "dagster-postgres"
version = "0.15.0"
description = "A Dagster integration for postgres"
category = "main"
optional = false
python-versions = "*"

[package.dependencies]
dagster = "0.15.0"
psycopg2-binary = "*"

[[package]]
name = "dbt-core"
version = "1.1.0"
description = "With dbt, data analysts and engineers can build analytics the way engineers build applications."
category = "main"
optional = false
python-versions = ">=3.7.2"

[package.dependencies]
agate = ">=1.6,<1.6.4"
cffi = ">=1.9,<2.0.0"
click = ">=7.0,<9"
colorama = ">=0.3.9,<0.4.5"
dbt-extractor = ">=0.4.1,<0.5.0"
hologram = "0.0.14"
idna = ">=2.5,<4"
isodate = ">=0.6,<0.7"
Jinja2 = "2.11.3"
logbook = ">=1.5,<1.6"
MarkupSafe = "2.0.1"
mashumaro = "2.9"
minimal-snowplow-tracker = "0.0.2"
networkx = ">=2.3,<3"
packaging = ">=20.9,<22.0"
requests = "<3.0.0"
sqlparse = ">=0.2.3,<0.5"
typing-extensions = ">=3.7.4"
werkzeug = ">=1,<3"

[[package]]
name = "dbt-extractor"
version = "0.4.1"
description = "A tool to analyze and extract information from Jinja used in dbt projects."
category = "main"
optional = false
python-versions = ">=3.6.1"

[[package]]
name = "dbt-postgres"
version = "1.1.0"
description = "The postgres adpter plugin for dbt (data build tool)"
category = "main"
optional = false
python-versions = ">=3.7"

[package.dependencies]
dbt-core = "1.1.0"
psycopg2-binary = ">=2.8,<3.0"

[[package]]
name = "defusedxml"
version = "0.7.1"
description = "XML bomb protection for Python stdlib modules"
category = "main"
optional = false
python-versions = ">=2.7, !=3.0.*, !=3.1.*, !=3.2.*, !=3.3.*, !=3.4.*"

[[package]]
name = "deprecated"
version = "1.2.13"
description = "Python @deprecated decorator to deprecate old python classes, functions or methods."
category = "main"
optional = false
python-versions = ">=2.7, !=3.0.*, !=3.1.*, !=3.2.*, !=3.3.*"

[package.dependencies]
wrapt = ">=1.10,<2"

[package.extras]
dev = ["pytest-cov", "pytest", "PyTest-Cov (<2.6)", "PyTest (<5)", "zipp (<2)", "sphinxcontrib-websupport (<2)", "configparser (<5)", "importlib-resources (<4)", "importlib-metadata (<3)", "sphinx (<2)", "bump2version (<1)", "tox"]

[[package]]
name = "docker"
version = "6.0.0"
description = "A Python library for the Docker Engine API."
category = "main"
optional = false
python-versions = ">=3.7"

[package.dependencies]
packaging = ">=14.0"
pywin32 = {version = ">=304", markers = "sys_platform == \"win32\""}
requests = ">=2.26.0"
urllib3 = ">=1.26.0"
websocket-client = ">=0.32.0"

[package.extras]
ssh = ["paramiko (>=2.4.3)"]

[[package]]
name = "docker-image-py"
version = "0.1.12"
description = "Parse docker image as distribution does."
category = "main"
optional = false
python-versions = "*"

[package.dependencies]
regex = ">=2019.4.14"

[[package]]
name = "docstring-parser"
version = "0.14.1"
description = "Parse Python docstrings in reST, Google and Numpydoc format"
category = "main"
optional = false
python-versions = ">=3.6,<4.0"

[[package]]
name = "entrypoints"
version = "0.4"
description = "Discover and load entry points from installed packages."
category = "main"
optional = false
python-versions = ">=3.6"

[[package]]
name = "fastjsonschema"
version = "2.16.1"
description = "Fastest Python implementation of JSON schema"
category = "main"
optional = false
python-versions = "*"

[package.extras]
devel = ["colorama", "jsonschema", "json-spec", "pylint", "pytest", "pytest-benchmark", "pytest-cache", "validictory"]

[[package]]
name = "flake8"
version = "3.9.2"
description = "the modular source code checker: pep8 pyflakes and co"
category = "dev"
optional = false
python-versions = "!=3.0.*,!=3.1.*,!=3.2.*,!=3.3.*,!=3.4.*,>=2.7"

[package.dependencies]
mccabe = ">=0.6.0,<0.7.0"
pycodestyle = ">=2.7.0,<2.8.0"
pyflakes = ">=2.3.0,<2.4.0"

[[package]]
name = "flake8-bugbear"
version = "21.11.29"
description = "A plugin for flake8 finding likely bugs and design problems in your program. Contains warnings that don't belong in pyflakes and pycodestyle."
category = "dev"
optional = false
python-versions = ">=3.6"

[package.dependencies]
attrs = ">=19.2.0"
flake8 = ">=3.0.0"

[package.extras]
dev = ["pre-commit", "hypothesmith (>=0.2)", "hypothesis", "coverage"]

[[package]]
name = "gql"
version = "2.0.0"
description = "GraphQL client for Python"
category = "main"
optional = false
python-versions = "*"

[package.dependencies]
graphql-core = ">=2.3.2,<3"
promise = ">=2.3,<3"
requests = ">=2.12,<3"
six = ">=1.10.0"

[package.extras]
test = ["coveralls (==2.0.0)", "vcrpy (==4.0.2)", "mock (==4.0.2)", "pytest-cov (==2.8.1)", "pytest-asyncio (==0.11.0)", "pytest (==5.4.2)"]
dev = ["coveralls (==2.0.0)", "vcrpy (==4.0.2)", "mock (==4.0.2)", "pytest-cov (==2.8.1)", "pytest-asyncio (==0.11.0)", "pytest (==5.4.2)", "check-manifest (>=0.42,<1)", "mypy (==0.770)", "black (==19.10b0)", "isort (==4.3.21)", "flake8 (==3.8.1)"]

[[package]]
name = "graphene"
version = "2.1.9"
description = "GraphQL Framework for Python"
category = "main"
optional = false
python-versions = "*"

[package.dependencies]
aniso8601 = ">=3,<=7"
graphql-core = ">=2.1,<3"
graphql-relay = ">=2,<3"
six = ">=1.10.0,<2"

[package.extras]
test = ["iso8601", "pytz", "mock", "six", "promise", "coveralls", "snapshottest", "fastdiff (==0.2.0)", "pytest-mock", "pytest-cov", "pytest-benchmark", "pytest"]
sqlalchemy = ["graphene-sqlalchemy"]
django = ["graphene-django"]

[[package]]
name = "graphql-core"
version = "2.3.2"
description = "GraphQL implementation for Python"
category = "main"
optional = false
python-versions = "*"

[package.dependencies]
promise = ">=2.3,<3"
rx = ">=1.6,<2"
six = ">=1.10.0"

[package.extras]
test = ["pytest-mock (==2.0.0)", "pytest-benchmark (==3.2.3)", "gevent (==1.5.0)", "cython (==0.29.17)", "coveralls (==1.11.1)", "pytest-cov (==2.8.1)", "pytest-django (==3.9.0)", "pytest (==4.6.10)", "pyannotate (==1.2.0)", "six (==1.14.0)"]
gevent = ["gevent (>=1.1)"]

[[package]]
name = "graphql-relay"
version = "2.0.1"
description = "Relay implementation for Python"
category = "main"
optional = false
python-versions = "*"

[package.dependencies]
graphql-core = ">=2.2,<3"
promise = ">=2.2,<3"
six = ">=1.12"

[[package]]
name = "greenlet"
version = "1.1.2"
description = "Lightweight in-process concurrent programming"
category = "main"
optional = false
python-versions = ">=2.7,!=3.0.*,!=3.1.*,!=3.2.*,!=3.3.*,!=3.4.*"

[package.extras]
docs = ["sphinx"]

[[package]]
name = "grpcio"
version = "1.48.0"
description = "HTTP/2-based RPC framework"
category = "main"
optional = false
python-versions = ">=3.6"

[package.dependencies]
six = ">=1.5.2"

[package.extras]
protobuf = ["grpcio-tools (>=1.48.0)"]

[[package]]
name = "grpcio-health-checking"
version = "1.43.0"
description = "Standard Health Checking Service for gRPC"
category = "main"
optional = false
python-versions = ">=3.6"

[package.dependencies]
grpcio = ">=1.43.0"
protobuf = ">=3.6.0"

[[package]]
name = "h11"
version = "0.13.0"
description = "A pure-Python, bring-your-own-I/O implementation of HTTP/1.1"
category = "main"
optional = false
python-versions = ">=3.6"

[[package]]
name = "hologram"
version = "0.0.14"
description = "JSON schema generation from dataclasses"
category = "main"
optional = false
python-versions = "*"

[package.dependencies]
jsonschema = ">=3.0,<3.2"
python-dateutil = ">=2.8,<2.9"

[[package]]
name = "httptools"
version = "0.4.0"
description = "A collection of framework independent HTTP protocol utils."
category = "main"
optional = false
python-versions = ">=3.5.0"

[package.extras]
test = ["Cython (>=0.29.24,<0.30.0)"]

[[package]]
name = "humanfriendly"
version = "10.0"
description = "Human friendly output for text interfaces using Python"
category = "main"
optional = false
python-versions = ">=2.7, !=3.0.*, !=3.1.*, !=3.2.*, !=3.3.*, !=3.4.*"

[package.dependencies]
pyreadline3 = {version = "*", markers = "sys_platform == \"win32\" and python_version >= \"3.8\""}

[[package]]
name = "idna"
version = "3.3"
description = "Internationalized Domain Names in Applications (IDNA)"
category = "main"
optional = false
python-versions = ">=3.5"

[[package]]
name = "importlib-metadata"
version = "4.12.0"
description = "Read metadata from Python packages"
category = "main"
optional = false
python-versions = ">=3.7"

[package.dependencies]
zipp = ">=0.5"

[package.extras]
testing = ["importlib-resources (>=1.3)", "pytest-mypy (>=0.9.1)", "pytest-black (>=0.3.7)", "pytest-perf (>=0.9.2)", "flufl.flake8", "pyfakefs", "packaging", "pytest-enabler (>=1.3)", "pytest-cov", "pytest-flake8", "pytest-checkdocs (>=2.4)", "pytest (>=6)"]
perf = ["ipython"]
docs = ["rst.linker (>=1.9)", "jaraco.packaging (>=9)", "sphinx"]

[[package]]
name = "iniconfig"
version = "1.1.1"
description = "iniconfig: brain-dead simple config-ini parsing"
category = "dev"
optional = false
python-versions = "*"

[[package]]
name = "isodate"
version = "0.6.1"
description = "An ISO 8601 date/time/duration parser and formatter"
category = "main"
optional = false
python-versions = "*"

[package.dependencies]
six = "*"

[[package]]
name = "isort"
version = "5.10.1"
description = "A Python utility / library to sort Python imports."
category = "dev"
optional = false
python-versions = ">=3.6.1,<4.0"

[package.extras]
plugins = ["setuptools"]
colors = ["colorama (>=0.4.3,<0.5.0)"]
requirements_deprecated_finder = ["pip-api", "pipreqs"]
pipfile_deprecated_finder = ["requirementslib", "pipreqs"]

[[package]]
name = "jinja2"
version = "2.11.3"
description = "A very fast and expressive template engine."
category = "main"
optional = false
python-versions = ">=2.7, !=3.0.*, !=3.1.*, !=3.2.*, !=3.3.*, !=3.4.*"

[package.dependencies]
MarkupSafe = ">=0.23"

[package.extras]
i18n = ["Babel (>=0.8)"]

[[package]]
name = "jmespath"
version = "1.0.1"
description = "JSON Matching Expressions"
category = "main"
optional = false
python-versions = ">=3.7"

[[package]]
name = "jsonschema"
version = "3.1.1"
description = "An implementation of JSON Schema validation for Python"
category = "main"
optional = false
python-versions = "*"

[package.dependencies]
attrs = ">=17.4.0"
importlib-metadata = "*"
pyrsistent = ">=0.14.0"
six = ">=1.11.0"

[package.extras]
format = ["webcolors", "strict-rfc3339", "rfc3987", "jsonpointer (>1.13)", "idna"]

[[package]]
name = "jupyter-client"
version = "7.3.4"
description = "Jupyter protocol implementation and client libraries"
category = "main"
optional = false
python-versions = ">=3.7"

[package.dependencies]
entrypoints = "*"
jupyter-core = ">=4.9.2"
nest-asyncio = ">=1.5.4"
python-dateutil = ">=2.8.2"
pyzmq = ">=23.0"
tornado = ">=6.0"
traitlets = "*"

[package.extras]
test = ["pytest-timeout", "pytest-cov", "pytest-asyncio (>=0.18)", "pytest", "pre-commit", "mypy", "ipython", "ipykernel (>=6.5)", "coverage", "codecov"]
doc = ["sphinxcontrib-github-alt", "sphinx (>=1.3.6)", "sphinx-rtd-theme", "myst-parser", "ipykernel"]

[[package]]
name = "jupyter-core"
version = "4.11.1"
description = "Jupyter core package. A base package on which Jupyter projects rely."
category = "main"
optional = false
python-versions = ">=3.7"

[package.dependencies]
pywin32 = {version = ">=1.0", markers = "sys_platform == \"win32\" and platform_python_implementation != \"PyPy\""}
traitlets = "*"

[package.extras]
test = ["pytest-timeout", "pytest-cov", "pytest", "pre-commit", "ipykernel"]

[[package]]
name = "jupyterlab-pygments"
version = "0.2.2"
description = "Pygments theme using JupyterLab CSS variables"
category = "main"
optional = false
python-versions = ">=3.7"

[[package]]
name = "leather"
version = "0.3.4"
description = "Python charting for 80% of humans."
category = "main"
optional = false
python-versions = "*"

[package.dependencies]
six = ">=1.6.1"

[[package]]
name = "logbook"
version = "1.5.3"
description = "A logging replacement for Python"
category = "main"
optional = false
python-versions = "*"

[package.extras]
all = ["redis", "brotli", "pytest (>4.0)", "execnet (>=1.0.9)", "cython", "pyzmq", "pytest-cov (>=2.6)", "sqlalchemy", "jinja2"]
compression = ["brotli"]
dev = ["pytest-cov (>=2.6)", "pytest (>4.0)", "cython"]
execnet = ["execnet (>=1.0.9)"]
jinja = ["jinja2"]
redis = ["redis"]
sqlalchemy = ["sqlalchemy"]
test = ["pytest-cov (>=2.6)", "pytest (>4.0)"]
zmq = ["pyzmq"]

[[package]]
name = "mako"
version = "1.2.1"
description = "A super-fast templating language that borrows the best ideas from the existing templating languages."
category = "main"
optional = false
python-versions = ">=3.7"

[package.dependencies]
MarkupSafe = ">=0.9.2"

[package.extras]
babel = ["babel"]
lingua = ["lingua"]
testing = ["pytest"]

[[package]]
name = "markupsafe"
version = "2.0.1"
description = "Safely add untrusted strings to HTML/XML markup."
category = "main"
optional = false
python-versions = ">=3.6"

[[package]]
name = "mashumaro"
version = "2.9"
description = "Fast serialization framework on top of dataclasses"
category = "main"
optional = false
python-versions = ">=3.6"

[package.dependencies]
msgpack = ">=0.5.6"
pyyaml = ">=3.13"
typing-extensions = "*"

[[package]]
name = "mccabe"
version = "0.6.1"
description = "McCabe checker, plugin for flake8"
category = "dev"
optional = false
python-versions = "*"

[[package]]
name = "minimal-snowplow-tracker"
version = "0.0.2"
description = "A minimal snowplow event tracker for Python. Add analytics to your Python and Django apps, webapps and games"
category = "main"
optional = false
python-versions = "*"

[package.dependencies]
requests = ">=2.2.1,<3.0"
six = ">=1.9.0,<2.0"

[[package]]
name = "mistune"
version = "0.8.4"
description = "The fastest markdown parser in pure Python"
category = "main"
optional = false
python-versions = "*"

[[package]]
name = "msgpack"
version = "1.0.4"
description = "MessagePack serializer"
category = "main"
optional = false
python-versions = "*"

[[package]]
name = "mypy"
version = "0.910"
description = "Optional static typing for Python"
category = "dev"
optional = false
python-versions = ">=3.5"

[package.dependencies]
mypy-extensions = ">=0.4.3,<0.5.0"
toml = "*"
typing-extensions = ">=3.7.4"

[package.extras]
python2 = ["typed-ast (>=1.4.0,<1.5.0)"]
dmypy = ["psutil (>=4.0)"]

[[package]]
name = "mypy-extensions"
version = "0.4.3"
description = "Experimental type system extensions for programs checked with the mypy typechecker."
category = "dev"
optional = false
python-versions = "*"

[[package]]
name = "nbclient"
version = "0.5.13"
description = "A client library for executing notebooks. Formerly nbconvert's ExecutePreprocessor."
category = "main"
optional = false
python-versions = ">=3.7.0"

[package.dependencies]
jupyter-client = ">=6.1.5"
nbformat = ">=5.0"
nest-asyncio = "*"
traitlets = ">=5.0.0"

[package.extras]
test = ["twine (>=1.11.0)", "setuptools (>=38.6.0)", "wheel (>=0.31.0)", "pip (>=18.1)", "black", "xmltodict", "mypy", "flake8", "check-manifest", "pytest-cov (>=2.6.1)", "pytest-asyncio", "pytest (>=4.1)", "ipywidgets (<8.0.0)", "ipykernel", "ipython (<8.0.0)"]
sphinx = ["myst-parser", "moto", "mock", "sphinx-book-theme", "Sphinx (>=1.7)"]

[[package]]
name = "nbconvert"
version = "6.4.5"
description = "Converting Jupyter Notebooks"
category = "main"
optional = false
python-versions = ">=3.7"

[package.dependencies]
beautifulsoup4 = "*"
bleach = "*"
defusedxml = "*"
entrypoints = ">=0.2.2"
jinja2 = ">=2.4"
jupyter-core = "*"
jupyterlab-pygments = "*"
MarkupSafe = ">=2.0"
mistune = ">=0.8.1,<2"
nbclient = ">=0.5.0,<0.6.0"
nbformat = ">=4.4"
pandocfilters = ">=1.4.1"
pygments = ">=2.4.1"
testpath = "*"
traitlets = ">=5.0"

[package.extras]
webpdf = ["pyppeteer (>=1,<1.1)"]
test = ["pyppeteer (>=1,<1.1)", "ipywidgets (>=7)", "ipykernel", "pytest-dependency", "pytest-cov", "pytest"]
serve = ["tornado (>=4.0)"]
docs = ["ipython", "nbsphinx (>=0.2.12)", "sphinx-rtd-theme", "sphinx (>=1.5.1)"]
all = ["ipython", "nbsphinx (>=0.2.12)", "sphinx-rtd-theme", "sphinx (>=1.5.1)", "tornado (>=4.0)", "pyppeteer (>=1,<1.1)", "ipywidgets (>=7)", "ipykernel", "pytest-dependency", "pytest-cov", "pytest"]

[[package]]
name = "nbformat"
version = "5.4.0"
description = "The Jupyter Notebook format"
category = "main"
optional = false
python-versions = ">=3.7"

[package.dependencies]
fastjsonschema = "*"
jsonschema = ">=2.6"
jupyter-core = "*"
traitlets = ">=5.1"

[package.extras]
test = ["pre-commit", "pytest", "testpath", "check-manifest"]

[[package]]
name = "nest-asyncio"
version = "1.5.5"
description = "Patch asyncio to allow nested event loops"
category = "main"
optional = false
python-versions = ">=3.5"

[[package]]
name = "networkx"
version = "2.8.6"
description = "Python package for creating and manipulating graphs and networks"
category = "main"
optional = false
python-versions = ">=3.8"

[package.extras]
default = ["numpy (>=1.19)", "scipy (>=1.8)", "matplotlib (>=3.4)", "pandas (>=1.3)"]
developer = ["pre-commit (>=2.20)", "mypy (>=0.961)"]
doc = ["sphinx (>=5)", "pydata-sphinx-theme (>=0.9)", "sphinx-gallery (>=0.10)", "numpydoc (>=1.4)", "pillow (>=9.1)", "nb2plots (>=0.6)", "texext (>=0.6.6)"]
extra = ["lxml (>=4.6)", "pygraphviz (>=1.9)", "pydot (>=1.4.2)", "sympy (>=1.10)"]
test = ["pytest (>=7.1)", "pytest-cov (>=3.0)", "codecov (>=2.1)"]

[[package]]
name = "numpy"
version = "1.23.2"
description = "NumPy is the fundamental package for array computing with Python."
category = "main"
optional = false
python-versions = ">=3.8"

[[package]]
name = "packaging"
version = "21.3"
description = "Core utilities for Python packages"
category = "main"
optional = false
python-versions = ">=3.6"

[package.dependencies]
pyparsing = ">=2.0.2,<3.0.5 || >3.0.5"

[[package]]
name = "pandas"
version = "1.4.3"
description = "Powerful data structures for data analysis, time series, and statistics"
category = "main"
optional = false
python-versions = ">=3.8"

[package.dependencies]
numpy = [
    {version = ">=1.20.0", markers = "platform_machine == \"arm64\" and python_version < \"3.10\""},
    {version = ">=1.19.2", markers = "platform_machine == \"aarch64\" and python_version < \"3.10\""},
    {version = ">=1.18.5", markers = "platform_machine != \"aarch64\" and platform_machine != \"arm64\" and python_version < \"3.10\""},
]
python-dateutil = ">=2.8.1"
pytz = ">=2020.1"

[package.extras]
test = ["pytest-xdist (>=1.31)", "pytest (>=6.0)", "hypothesis (>=5.5.3)"]

[[package]]
name = "pandocfilters"
version = "1.5.0"
description = "Utilities for writing pandoc filters in python"
category = "main"
optional = false
python-versions = ">=2.7, !=3.0.*, !=3.1.*, !=3.2.*, !=3.3.*"

[[package]]
name = "parsedatetime"
version = "2.6"
description = "Parse human-readable date/time text."
category = "main"
optional = false
python-versions = "*"

[[package]]
name = "pathspec"
version = "0.9.0"
description = "Utility library for gitignore style pattern matching of file paths."
category = "dev"
optional = false
python-versions = "!=3.0.*,!=3.1.*,!=3.2.*,!=3.3.*,!=3.4.*,>=2.7"

[[package]]
name = "pendulum"
version = "2.1.2"
description = "Python datetimes made easy"
category = "main"
optional = false
python-versions = ">=2.7, !=3.0.*, !=3.1.*, !=3.2.*, !=3.3.*, !=3.4.*"

[package.dependencies]
python-dateutil = ">=2.6,<3.0"
pytzdata = ">=2020.1"

[[package]]
name = "pep562"
version = "1.1"
description = "Backport of PEP 562."
category = "main"
optional = false
python-versions = "*"

[[package]]
name = "platformdirs"
version = "2.5.2"
description = "A small Python module for determining appropriate platform-specific dirs, e.g. a \"user data dir\"."
category = "dev"
optional = false
python-versions = ">=3.7"

[package.extras]
test = ["pytest (>=6)", "pytest-mock (>=3.6)", "pytest-cov (>=2.7)", "appdirs (==1.4.4)"]
docs = ["sphinx (>=4)", "sphinx-autodoc-typehints (>=1.12)", "proselint (>=0.10.2)", "furo (>=2021.7.5b38)"]

[[package]]
name = "pluggy"
version = "1.0.0"
description = "plugin and hook calling mechanisms for python"
category = "dev"
optional = false
python-versions = ">=3.6"

[package.extras]
testing = ["pytest-benchmark", "pytest"]
dev = ["tox", "pre-commit"]

[[package]]
name = "promise"
version = "2.3"
description = "Promises/A+ implementation for Python"
category = "main"
optional = false
python-versions = "*"

[package.dependencies]
six = "*"

[package.extras]
test = ["pytest (>=2.7.3)", "pytest-cov", "coveralls", "futures", "pytest-benchmark", "mock"]

[[package]]
name = "protobuf"
version = "3.20.1"
description = "Protocol Buffers"
category = "main"
optional = false
python-versions = ">=3.7"

[[package]]
name = "psutil"
version = "5.9.1"
description = "Cross-platform lib for process and system monitoring in Python."
category = "main"
optional = false
python-versions = ">=2.7, !=3.0.*, !=3.1.*, !=3.2.*, !=3.3.*"

[package.extras]
test = ["wmi", "pywin32", "enum34", "mock", "ipaddress"]

[[package]]
name = "psycopg2-binary"
version = "2.9.3"
description = "psycopg2 - Python-PostgreSQL Database Adapter"
category = "main"
optional = false
python-versions = ">=3.6"

[[package]]
name = "py"
version = "1.11.0"
description = "library with cross-python path, ini-parsing, io, code, log facilities"
category = "main"
optional = false
python-versions = ">=2.7, !=3.0.*, !=3.1.*, !=3.2.*, !=3.3.*, !=3.4.*"

[[package]]
name = "pycodestyle"
version = "2.7.0"
description = "Python style guide checker"
category = "dev"
optional = false
python-versions = ">=2.7, !=3.0.*, !=3.1.*, !=3.2.*, !=3.3.*"

[[package]]
name = "pycparser"
version = "2.21"
description = "C parser in Python"
category = "main"
optional = false
python-versions = ">=2.7, !=3.0.*, !=3.1.*, !=3.2.*, !=3.3.*"

[[package]]
name = "pydantic"
version = "1.9.2"
description = "Data validation and settings management using python type hints"
category = "main"
optional = false
python-versions = ">=3.6.1"

[package.dependencies]
typing-extensions = ">=3.7.4.3"

[package.extras]
email = ["email-validator (>=1.0.3)"]
dotenv = ["python-dotenv (>=0.10.4)"]

[[package]]
name = "pyflakes"
version = "2.3.1"
description = "passive checker of Python programs"
category = "dev"
optional = false
python-versions = ">=2.7, !=3.0.*, !=3.1.*, !=3.2.*, !=3.3.*"

[[package]]
name = "pygments"
version = "2.13.0"
description = "Pygments is a syntax highlighting package written in Python."
category = "main"
optional = false
python-versions = ">=3.6"

[package.extras]
plugins = ["importlib-metadata"]

[[package]]
name = "pyparsing"
version = "3.0.9"
description = "pyparsing module - Classes and methods to define and execute parsing grammars"
category = "main"
optional = false
python-versions = ">=3.6.8"

[package.extras]
diagrams = ["jinja2", "railroad-diagrams"]

[[package]]
name = "pyreadline3"
version = "3.4.1"
description = "A python implementation of GNU readline."
category = "main"
optional = false
python-versions = "*"

[[package]]
name = "pyrsistent"
version = "0.18.1"
description = "Persistent/Functional/Immutable data structures"
category = "main"
optional = false
python-versions = ">=3.7"

[[package]]
name = "pytest"
version = "6.2.5"
description = "pytest: simple powerful testing with Python"
category = "dev"
optional = false
python-versions = ">=3.6"

[package.dependencies]
atomicwrites = {version = ">=1.0", markers = "sys_platform == \"win32\""}
attrs = ">=19.2.0"
colorama = {version = "*", markers = "sys_platform == \"win32\""}
iniconfig = "*"
packaging = "*"
pluggy = ">=0.12,<2.0"
py = ">=1.8.2"
toml = "*"

[package.extras]
testing = ["xmlschema", "requests", "nose", "mock", "hypothesis (>=3.56)", "argcomplete"]

[[package]]
name = "pytest-cov"
version = "2.12.1"
description = "Pytest plugin for measuring coverage."
category = "dev"
optional = false
python-versions = ">=2.7, !=3.0.*, !=3.1.*, !=3.2.*, !=3.3.*, !=3.4.*"

[package.dependencies]
coverage = ">=5.2.1"
pytest = ">=4.6"
toml = "*"

[package.extras]
testing = ["virtualenv", "pytest-xdist", "six", "process-tests", "hunter", "fields"]

[[package]]
name = "python-dateutil"
version = "2.8.2"
description = "Extensions to the standard Python datetime module"
category = "main"
optional = false
python-versions = "!=3.0.*,!=3.1.*,!=3.2.*,>=2.7"

[package.dependencies]
six = ">=1.5"

[[package]]
name = "python-dotenv"
version = "0.20.0"
description = "Read key-value pairs from a .env file and set them as environment variables"
category = "main"
optional = false
python-versions = ">=3.5"

[package.extras]
cli = ["click (>=5.0)"]

[[package]]
name = "python-editor"
version = "1.0.4"
description = "Programmatically open an editor, capture the result."
category = "main"
optional = false
python-versions = "*"

[[package]]
name = "python-slugify"
version = "6.1.2"
description = "A Python slugify application that also handles Unicode"
category = "main"
optional = false
python-versions = ">=2.7, !=3.0.*, !=3.1.*, !=3.2.*, !=3.3.*, !=3.4.*, !=3.5.*"

[package.dependencies]
text-unidecode = ">=1.3"

[package.extras]
unidecode = ["Unidecode (>=1.1.1)"]

[[package]]
name = "pytimeparse"
version = "1.1.8"
description = "Time expression parser"
category = "main"
optional = false
python-versions = "*"

[[package]]
name = "pytz"
version = "2022.2.1"
description = "World timezone definitions, modern and historical"
category = "main"
optional = false
python-versions = "*"

[[package]]
name = "pytzdata"
version = "2020.1"
description = "The Olson timezone database for Python."
category = "main"
optional = false
python-versions = ">=2.7, !=3.0.*, !=3.1.*, !=3.2.*, !=3.3.*"

[[package]]
name = "pywin32"
version = "304"
description = "Python for Window Extensions"
category = "main"
optional = false
python-versions = "*"

[[package]]
name = "pyyaml"
version = "6.0"
description = "YAML parser and emitter for Python"
category = "main"
optional = false
python-versions = ">=3.6"

[[package]]
name = "pyzmq"
version = "23.2.1"
description = "Python bindings for 0MQ"
category = "main"
optional = false
python-versions = ">=3.6"

[package.dependencies]
cffi = {version = "*", markers = "implementation_name == \"pypy\""}
py = {version = "*", markers = "implementation_name == \"pypy\""}

[[package]]
name = "redis"
version = "4.3.4"
description = "Python client for Redis database and key-value store"
category = "main"
optional = false
python-versions = ">=3.6"

[package.dependencies]
async-timeout = ">=4.0.2"
deprecated = ">=1.2.3"
packaging = ">=20.4"

[package.extras]
ocsp = ["requests (>=2.26.0)", "pyopenssl (==20.0.1)", "cryptography (>=36.0.1)"]
hiredis = ["hiredis (>=1.0.0)"]

[[package]]
name = "regex"
version = "2022.8.17"
description = "Alternative regular expression module, to replace re."
category = "main"
optional = false
python-versions = ">=3.6"

[[package]]
name = "requests"
version = "2.28.1"
description = "Python HTTP for Humans."
category = "main"
optional = false
python-versions = ">=3.7, <4"

[package.dependencies]
certifi = ">=2017.4.17"
charset-normalizer = ">=2,<3"
idna = ">=2.5,<4"
urllib3 = ">=1.21.1,<1.27"

[package.extras]
use_chardet_on_py3 = ["chardet (>=3.0.2,<6)"]
socks = ["PySocks (>=1.5.6,!=1.5.7)"]

[[package]]
name = "rx"
version = "1.6.1"
description = "Reactive Extensions (Rx) for Python"
category = "main"
optional = false
python-versions = "*"

[[package]]
name = "s3transfer"
version = "0.6.0"
description = "An Amazon S3 Transfer Manager"
category = "main"
optional = false
python-versions = ">= 3.7"

[package.dependencies]
botocore = ">=1.12.36,<2.0a.0"

[package.extras]
crt = ["botocore[crt] (>=1.20.29,<2.0a.0)"]

[[package]]
name = "six"
version = "1.16.0"
description = "Python 2 and 3 compatibility utilities"
category = "main"
optional = false
python-versions = ">=2.7, !=3.0.*, !=3.1.*, !=3.2.*"

[[package]]
name = "sniffio"
version = "1.2.0"
description = "Sniff out which async library your code is running under"
category = "main"
optional = false
python-versions = ">=3.5"

[[package]]
name = "soupsieve"
version = "2.3.2.post1"
description = "A modern CSS selector implementation for Beautiful Soup."
category = "main"
optional = false
python-versions = ">=3.6"

[[package]]
name = "sqlalchemy"
version = "1.4.40"
description = "Database Abstraction Library"
category = "main"
optional = false
python-versions = "!=3.0.*,!=3.1.*,!=3.2.*,!=3.3.*,!=3.4.*,!=3.5.*,>=2.7"

[package.dependencies]
greenlet = {version = "!=0.4.17", markers = "python_version >= \"3\" and (platform_machine == \"aarch64\" or platform_machine == \"ppc64le\" or platform_machine == \"x86_64\" or platform_machine == \"amd64\" or platform_machine == \"AMD64\" or platform_machine == \"win32\" or platform_machine == \"WIN32\")"}

[package.extras]
aiomysql = ["greenlet (!=0.4.17)", "aiomysql"]
aiosqlite = ["typing_extensions (!=3.10.0.1)", "greenlet (!=0.4.17)", "aiosqlite"]
asyncio = ["greenlet (!=0.4.17)"]
asyncmy = ["greenlet (!=0.4.17)", "asyncmy (>=0.2.3,!=0.2.4)"]
mariadb_connector = ["mariadb (>=1.0.1,!=1.1.2)"]
mssql = ["pyodbc"]
mssql_pymssql = ["pymssql"]
mssql_pyodbc = ["pyodbc"]
mypy = ["sqlalchemy2-stubs", "mypy (>=0.910)"]
mysql = ["mysqlclient (>=1.4.0,<2)", "mysqlclient (>=1.4.0)"]
mysql_connector = ["mysql-connector-python"]
oracle = ["cx_oracle (>=7,<8)", "cx_oracle (>=7)"]
postgresql = ["psycopg2 (>=2.7)"]
postgresql_asyncpg = ["greenlet (!=0.4.17)", "asyncpg"]
postgresql_pg8000 = ["pg8000 (>=1.16.6,!=1.29.0)"]
postgresql_psycopg2binary = ["psycopg2-binary"]
postgresql_psycopg2cffi = ["psycopg2cffi"]
pymysql = ["pymysql (<1)", "pymysql"]
sqlcipher = ["sqlcipher3-binary"]

[[package]]
name = "sqlparse"
version = "0.4.2"
description = "A non-validating SQL parser."
category = "main"
optional = false
python-versions = ">=3.5"

[[package]]
name = "starlette"
version = "0.20.4"
description = "The little ASGI library that shines."
category = "main"
optional = false
python-versions = ">=3.7"

[package.dependencies]
anyio = ">=3.4.0,<5"
typing-extensions = {version = ">=3.10.0", markers = "python_version < \"3.10\""}

[package.extras]
full = ["requests", "pyyaml", "python-multipart", "jinja2", "itsdangerous"]

[[package]]
name = "tabulate"
version = "0.8.10"
description = "Pretty-print tabular data"
category = "main"
optional = false
python-versions = ">=2.7, !=3.0.*, !=3.1.*, !=3.2.*, !=3.3.*, !=3.4.*"

[package.extras]
widechars = ["wcwidth"]

[[package]]
name = "testpath"
version = "0.6.0"
description = "Test utilities for code working with files and commands"
category = "main"
optional = false
python-versions = ">= 3.5"

[package.extras]
test = ["pytest"]

[[package]]
name = "text-unidecode"
version = "1.3"
description = "The most basic Text::Unidecode port"
category = "main"
optional = false
python-versions = "*"

[[package]]
name = "toml"
version = "0.10.2"
description = "Python Library for Tom's Obvious, Minimal Language"
category = "dev"
optional = false
python-versions = ">=2.6, !=3.0.*, !=3.1.*, !=3.2.*"

[[package]]
name = "tomli"
version = "2.0.1"
description = "A lil' TOML parser"
category = "dev"
optional = false
python-versions = ">=3.7"

[[package]]
name = "toposort"
version = "1.7"
description = "\"Implements a topological sort algorithm.\""
category = "main"
optional = false
python-versions = "*"

[[package]]
name = "tornado"
version = "6.2"
description = "Tornado is a Python web framework and asynchronous networking library, originally developed at FriendFeed."
category = "main"
optional = false
python-versions = ">= 3.7"

[[package]]
name = "tqdm"
version = "4.64.0"
description = "Fast, Extensible Progress Meter"
category = "main"
optional = false
python-versions = "!=3.0.*,!=3.1.*,!=3.2.*,!=3.3.*,>=2.7"

[package.dependencies]
colorama = {version = "*", markers = "platform_system == \"Windows\""}

[package.extras]
telegram = ["requests"]
slack = ["slack-sdk"]
notebook = ["ipywidgets (>=6)"]
dev = ["wheel", "twine", "py-make (>=0.1.0)"]

[[package]]
name = "traitlets"
version = "5.3.0"
description = ""
category = "main"
optional = false
python-versions = ">=3.7"

[package.extras]
test = ["pytest", "pre-commit"]

[[package]]
name = "typing-compat"
version = "0.1.0"
description = "Python typing compatibility library"
category = "main"
optional = false
python-versions = ">=2.7, !=3.0.*, !=3.1.*, !=3.2.*, !=3.3.*, !=3.4.*"

[[package]]
name = "typing-extensions"
version = "4.3.0"
description = "Backported and Experimental Type Hints for Python 3.7+"
category = "main"
optional = false
python-versions = ">=3.7"

[[package]]
name = "urllib3"
version = "1.26.12"
description = "HTTP library with thread-safe connection pooling, file post, and more."
category = "main"
optional = false
python-versions = ">=2.7, !=3.0.*, !=3.1.*, !=3.2.*, !=3.3.*, !=3.4.*, !=3.5.*, <4"

[package.extras]
brotli = ["brotlicffi (>=0.8.0)", "brotli (>=1.0.9)", "brotlipy (>=0.6.0)"]
secure = ["pyOpenSSL (>=0.14)", "cryptography (>=1.3.4)", "idna (>=2.0.0)", "certifi", "urllib3-secure-extra", "ipaddress"]
socks = ["PySocks (>=1.5.6,!=1.5.7,<2.0)"]

[[package]]
name = "uvicorn"
version = "0.18.2"
description = "The lightning-fast ASGI server."
category = "main"
optional = false
python-versions = ">=3.7"

[package.dependencies]
click = ">=7.0"
colorama = {version = ">=0.4", optional = true, markers = "sys_platform == \"win32\" and extra == \"standard\""}
h11 = ">=0.8"
httptools = {version = ">=0.4.0", optional = true, markers = "extra == \"standard\""}
python-dotenv = {version = ">=0.13", optional = true, markers = "extra == \"standard\""}
PyYAML = {version = ">=5.1", optional = true, markers = "extra == \"standard\""}
uvloop = {version = ">=0.14.0,<0.15.0 || >0.15.0,<0.15.1 || >0.15.1", optional = true, markers = "sys_platform != \"win32\" and sys_platform != \"cygwin\" and platform_python_implementation != \"PyPy\" and extra == \"standard\""}
watchfiles = {version = ">=0.13", optional = true, markers = "extra == \"standard\""}
websockets = {version = ">=10.0", optional = true, markers = "extra == \"standard\""}

[package.extras]
standard = ["colorama (>=0.4)", "uvloop (>=0.14.0,!=0.15.0,!=0.15.1)", "PyYAML (>=5.1)", "python-dotenv (>=0.13)", "watchfiles (>=0.13)", "httptools (>=0.4.0)", "websockets (>=10.0)"]

[[package]]
name = "uvloop"
version = "0.16.0"
description = "Fast implementation of asyncio event loop on top of libuv"
category = "main"
optional = false
python-versions = ">=3.7"

[package.extras]
test = ["mypy (>=0.800)", "pyOpenSSL (>=19.0.0,<19.1.0)", "pycodestyle (>=2.7.0,<2.8.0)", "psutil", "flake8 (>=3.9.2,<3.10.0)", "aiohttp"]
docs = ["sphinx-rtd-theme (>=0.5.2,<0.6.0)", "sphinxcontrib-asyncio (>=0.3.0,<0.4.0)", "Sphinx (>=4.1.2,<4.2.0)"]
dev = ["mypy (>=0.800)", "pyOpenSSL (>=19.0.0,<19.1.0)", "pycodestyle (>=2.7.0,<2.8.0)", "psutil", "flake8 (>=3.9.2,<3.10.0)", "aiohttp", "sphinx-rtd-theme (>=0.5.2,<0.6.0)", "sphinxcontrib-asyncio (>=0.3.0,<0.4.0)", "Sphinx (>=4.1.2,<4.2.0)", "pytest (>=3.6.0)", "Cython (>=0.29.24,<0.30.0)"]

[[package]]
name = "watchdog"
version = "2.1.9"
description = "Filesystem events monitoring"
category = "main"
optional = false
python-versions = ">=3.6"

[package.extras]
watchmedo = ["PyYAML (>=3.10)"]

[[package]]
name = "watchfiles"
version = "0.16.1"
description = "Simple, modern and high performance file watching and code reload in python."
category = "main"
optional = false
python-versions = ">=3.7"

[package.dependencies]
anyio = ">=3.0.0,<4"

[[package]]
name = "webencodings"
version = "0.5.1"
description = "Character encoding aliases for legacy web content"
category = "main"
optional = false
python-versions = "*"

[[package]]
name = "websocket-client"
version = "1.3.3"
description = "WebSocket client for Python with low level API options"
category = "main"
optional = false
python-versions = ">=3.7"

[package.extras]
test = ["websockets"]
optional = ["wsaccel", "python-socks"]
docs = ["sphinx-rtd-theme (>=0.5)", "Sphinx (>=3.4)"]

[[package]]
name = "websockets"
version = "10.3"
description = "An implementation of the WebSocket Protocol (RFC 6455 & 7692)"
category = "main"
optional = false
python-versions = ">=3.7"

[[package]]
name = "werkzeug"
version = "2.1.2"
description = "The comprehensive WSGI web application library."
category = "main"
optional = false
python-versions = ">=3.7"

[package.extras]
watchdog = ["watchdog"]

[[package]]
name = "wrapt"
version = "1.14.1"
description = "Module for decorators, wrappers and monkey patching."
category = "main"
optional = false
python-versions = "!=3.0.*,!=3.1.*,!=3.2.*,!=3.3.*,!=3.4.*,>=2.7"

[[package]]
name = "zipp"
version = "3.8.1"
description = "Backport of pathlib-compatible object wrapper for zip files"
category = "main"
optional = false
python-versions = ">=3.7"

[package.extras]
testing = ["pytest-mypy (>=0.9.1)", "pytest-black (>=0.3.7)", "func-timeout", "jaraco.itertools", "pytest-enabler (>=1.3)", "pytest-cov", "pytest-flake8", "pytest-checkdocs (>=2.4)", "pytest (>=6)"]
docs = ["jaraco.tidelift (>=1.4)", "rst.linker (>=1.9)", "jaraco.packaging (>=9)", "sphinx"]

[metadata]
lock-version = "1.1"
python-versions = "<3.10,>=3.8.0"
content-hash = "ac95f7dfe44b77a2d46a27771aedfc4750c60be0e6d0c3cff87dc5cdebf4574e"

[metadata.files]
agate = []
alembic = []
aniso8601 = []
anyio = []
async-timeout = []
atomicwrites = []
attrs = []
babel = []
beautifulsoup4 = []
black = []
bleach = []
boto3 = []
botocore = []
certifi = []
cffi = []
charset-normalizer = []
click = []
colorama = []
coloredlogs = []
coverage = []
croniter = []
dagit = []
dagster = []
dagster-dbt = []
dagster-docker = []
dagster-graphql = []
dagster-pandas = []
dagster-postgres = []
dbt-core = []
dbt-extractor = []
dbt-postgres = []
defusedxml = []
deprecated = []
docker = []
docker-image-py = []
docstring-parser = []
entrypoints = []
fastjsonschema = []
flake8 = []
flake8-bugbear = []
gql = []
graphene = []
graphql-core = []
graphql-relay = []
greenlet = []
grpcio = []
grpcio-health-checking = []
h11 = []
hologram = []
httptools = []
humanfriendly = []
idna = []
importlib-metadata = []
iniconfig = []
isodate = []
isort = []
jinja2 = []
jmespath = []
jsonschema = []
jupyter-client = []
jupyter-core = []
jupyterlab-pygments = []
leather = []
logbook = []
mako = []
markupsafe = []
mashumaro = []
mccabe = []
minimal-snowplow-tracker = []
mistune = []
msgpack = []
mypy = []
mypy-extensions = []
nbclient = []
nbconvert = []
nbformat = []
nest-asyncio = []
networkx = []
numpy = []
packaging = []
pandas = []
pandocfilters = []
parsedatetime = []
pathspec = []
pendulum = []
pep562 = []
platformdirs = []
pluggy = []
promise = []
protobuf = []
psutil = []
psycopg2-binary = []
py = []
pycodestyle = []
pycparser = []
pydantic = []
pyflakes = []
pygments = []
pyparsing = []
pyreadline3 = []
pyrsistent = []
pytest = []
pytest-cov = []
python-dateutil = []
python-dotenv = []
python-editor = []
python-slugify = []
pytimeparse = []
pytz = []
pytzdata = []
pywin32 = []
pyyaml = []
pyzmq = []
redis = []
regex = []
requests = []
rx = []
s3transfer = []
six = []
sniffio = []
soupsieve = []
sqlalchemy = []
sqlparse = []
starlette = []
tabulate = []
testpath = []
text-unidecode = []
toml = []
tomli = []
toposort = []
tornado = []
tqdm = []
traitlets = []
typing-compat = []
typing-extensions = []
urllib3 = []
uvicorn = []
uvloop = []
watchdog = []
watchfiles = []
webencodings = []
websocket-client = []
websockets = []
werkzeug = []
wrapt = []
zipp = []
